
Microsoft Visual Studio Solution File, Format Version 12.00
# Visual Studio Version 17
VisualStudioVersion = 17.0.31903.59
MinimumVisualStudioVersion = 10.0.40219.1
Project("{FAE04EC0-301F-11D3-BF4B-00C04F79EFBC}") = "WinNtf.Core", "src\WinNtf.Core\WinNtf.Core.csproj", "{2E012136-4938-4AF2-AE0B-6B0CB9E0A001}"
EndProject
Project("{FAE04EC0-301F-11D3-BF4B-00C04F79EFBC}") = "WinNtf.Server", "src\WinNtf.Server\WinNtf.Server.csproj", "{09316F5D-81F9-47E8-BCC8-89F4639C5D1D}"
EndProject
Project("{FAE04EC0-301F-11D3-BF4B-00C04F79EFBC}") = "WinNtf.App", "src\WinNtf.App\WinNtf.App.csproj", "{063D6AE7-0A33-4D30-9B98-8FDC6C83239E}"
EndProject
Project("{FAE04EC0-301F-11D3-BF4B-00C04F79EFBC}") = "WinNtf.Core.Tests", "tests\WinNtf.Core.Tests\WinNtf.Core.Tests.csproj", "{7C7B8208-11D5-41AD-B6C2-D0B3F88F21E6}"
EndProject
Global
	GlobalSection(SolutionConfigurationPlatforms) = preSolution
		Debug|Any CPU = Debug|Any CPU
		Release|Any CPU = Release|Any CPU
	EndGlobalSection
	GlobalSection(ProjectConfigurationPlatforms) = postSolution
		{2E012136-4938-4AF2-AE0B-6B0CB9E0A001}.Debug|Any CPU.ActiveCfg = Debug|Any CPU
		{2E012136-4938-4AF2-AE0B-6B0CB9E0A001}.Debug|Any CPU.Build.0 = Debug|Any CPU
		{2E012136-4938-4AF2-AE0B-6B0CB9E0A001}.Release|Any CPU.ActiveCfg = Release|Any CPU
		{2E012136-4938-4AF2-AE0B-6B0CB9E0A001}.Release|Any CPU.Build.0 = Release|Any CPU
		{09316F5D-81F9-47E8-BCC8-89F4639C5D1D}.Debug|Any CPU.ActiveCfg = Debug|Any CPU
		{09316F5D-81F9-47E8-BCC8-89F4639C5D1D}.Debug|Any CPU.Build.0 = Debug|Any CPU
		{09316F5D-81F9-47E8-BCC8-89F4639C5D1D}.Release|Any CPU.ActiveCfg = Release|Any CPU
		{09316F5D-81F9-47E8-BCC8-89F4639C5D1D}.Release|Any CPU.Build.0 = Release|Any CPU
		{063D6AE7-0A33-4D30-9B98-8FDC6C83239E}.Debug|Any CPU.ActiveCfg = Debug|Any CPU
		{063D6AE7-0A33-4D30-9B98-8FDC6C83239E}.Debug|Any CPU.Build.0 = Debug|Any CPU
		{063D6AE7-0A33-4D30-9B98-8FDC6C83239E}.Release|Any CPU.ActiveCfg = Release|Any CPU
		{063D6AE7-0A33-4D30-9B98-8FDC6C83239E}.Release|Any CPU.Build.0 = Release|Any CPU
		{7C7B8208-11D5-41AD-B6C2-D0B3F88F21E6}.Debug|Any CPU.ActiveCfg = Debug|Any CPU
		{7C7B8208-11D5-41AD-B6C2-D0B3F88F21E6}.Debug|Any CPU.Build.0 = Debug|Any CPU
		{7C7B8208-11D5-41AD-B6C2-D0B3F88F21E6}.Release|Any CPU.ActiveCfg = Release|Any CPU
		{7C7B8208-11D5-41AD-B6C2-D0B3F88F21E6}.Release|Any CPU.Build.0 = Release|Any CPU
	EndGlobalSection
EndGlobal
